// !$*UTF8*$!
{
	archiveVersion = 1;
	classes = {
	};
	objectVersion = 56;
	objects = {

/* Begin PBXBuildFile section */
		7FF96FF22AD478500075500A /* AppDelegate.swift in Sources */ = {isa = PBXBuildFile; fileRef = 7FF96FF12AD478500075500A /* AppDelegate.swift */; };
		7FF96FF42AD478500075500A /* SceneDelegate.swift in Sources */ = {isa = PBXBuildFile; fileRef = 7FF96FF32AD478500075500A /* SceneDelegate.swift */; };
		7FF96FF62AD478500075500A /* ViewController.swift in Sources */ = {isa = PBXBuildFile; fileRef = 7FF96FF52AD478500075500A /* ViewController.swift */; };
		7FF96FF92AD478500075500A /* Main.storyboard in Resources */ = {isa = PBXBuildFile; fileRef = 7FF96FF72AD478500075500A /* Main.storyboard */; };
		7FF96FFC2AD478500075500A /* PraticeOfCoreData4.xcdatamodeld in Sources */ = {isa = PBXBuildFile; fileRef = 7FF96FFA2AD478500075500A /* PraticeOfCoreData4.xcdatamodeld */; };
		7FF96FFE2AD478510075500A /* Assets.xcassets in Resources */ = {isa = PBXBuildFile; fileRef = 7FF96FFD2AD478510075500A /* Assets.xcassets */; };
		7FF970012AD478510075500A /* LaunchScreen.storyboard in Resources */ = {isa = PBXBuildFile; fileRef = 7FF96FFF2AD478510075500A /* LaunchScreen.storyboard */; };
		7FF9700A2AD4785D0075500A /* CoreData.framework in Frameworks */ = {isa = PBXBuildFile; fileRef = 7FF970092AD4785D0075500A /* CoreData.framework */; };
		7FF9700D2AD4789E0075500A /* University+CoreDataClass.swift in Sources */ = {isa = PBXBuildFile; fileRef = 7FF9700B2AD4789E0075500A /* University+CoreDataClass.swift */; };
		7FF9700E2AD4789E0075500A /* University+CoreDataProperties.swift in Sources */ = {isa = PBXBuildFile; fileRef = 7FF9700C2AD4789E0075500A /* University+CoreDataProperties.swift */; };
		7FF970102AD478BA0075500A /* DatabaseManager.swift in Sources */ = {isa = PBXBuildFile; fileRef = 7FF9700F2AD478BA0075500A /* DatabaseManager.swift */; };
		7FF970122AD47D910075500A /* ListViewController.swift in Sources */ = {isa = PBXBuildFile; fileRef = 7FF970112AD47D910075500A /* ListViewController.swift */; };
		7FF970142AD47DCD0075500A /* TableViewCell.swift in Sources */ = {isa = PBXBuildFile; fileRef = 7FF970132AD47DCD0075500A /* TableViewCell.swift */; };
/* End PBXBuildFile section */

/* Begin PBXFileReference section */
		7FF96FEE2AD478500075500A /* PraticeOfCoreData4.app */ = {isa = PBXFileReference; explicitFileType = wrapper.application; includeInIndex = 0; path = PraticeOfCoreData4.app; sourceTree = BUILT_PRODUCTS_DIR; };
		7FF96FF12AD478500075500A /* AppDelegate.swift */ = {isa = PBXFileReference; lastKnownFileType = sourcecode.swift; path = AppDelegate.swift; sourceTree = "<group>"; };
		7FF96FF32AD478500075500A /* SceneDelegate.swift */ = {isa = PBXFileReference; lastKnownFileType = sourcecode.swift; path = SceneDelegate.swift; sourceTree = "<group>"; };
		7FF96FF52AD478500075500A /* ViewController.swift */ = {isa = PBXFileReference; lastKnownFileType = sourcecode.swift; path = ViewController.swift; sourceTree = "<group>"; };
		7FF96FF82AD478500075500A /* Base */ = {isa = PBXFileReference; lastKnownFileType = file.storyboard; name = Base; path = Base.lproj/Main.storyboard; sourceTree = "<group>"; };
		7FF96FFB2AD478500075500A /* PraticeOfCoreData4.xcdatamodel */ = {isa = PBXFileReference; lastKnownFileType = wrapper.xcdatamodel; path = PraticeOfCoreData4.xcdatamodel; sourceTree = "<group>"; };
		7FF96FFD2AD478510075500A /* Assets.xcassets */ = {isa = PBXFileReference; lastKnownFileType = folder.assetcatalog; path = Assets.xcassets; sourceTree = "<group>"; };
		7FF970002AD478510075500A /* Base */ = {isa = PBXFileReference; lastKnownFileType = file.storyboard; name = Base; path = Base.lproj/LaunchScreen.storyboard; sourceTree = "<group>"; };
		7FF970022AD478510075500A /* Info.plist */ = {isa = PBXFileReference; lastKnownFileType = text.plist.xml; path = Info.plist; sourceTree = "<group>"; };
		7FF970092AD4785D0075500A /* CoreData.framework */ = {isa = PBXFileReference; lastKnownFileType = wrapper.framework; name = CoreData.framework; path = System/Library/Frameworks/CoreData.framework; sourceTree = SDKROOT; };
		7FF9700B2AD4789E0075500A /* University+CoreDataClass.swift */ = {isa = PBXFileReference; lastKnownFileType = sourcecode.swift; path = "University+CoreDataClass.swift"; sourceTree = "<group>"; };
		7FF9700C2AD4789E0075500A /* University+CoreDataProperties.swift */ = {isa = PBXFileReference; lastKnownFileType = sourcecode.swift; path = "University+CoreDataProperties.swift"; sourceTree = "<group>"; };
		7FF9700F2AD478BA0075500A /* DatabaseManager.swift */ = {isa = PBXFileReference; lastKnownFileType = sourcecode.swift; path = DatabaseManager.swift; sourceTree = "<group>"; };
		7FF970112AD47D910075500A /* ListViewController.swift */ = {isa = PBXFileReference; lastKnownFileType = sourcecode.swift; path = ListViewController.swift; sourceTree = "<group>"; };
		7FF970132AD47DCD0075500A /* TableViewCell.swift */ = {isa = PBXFileReference; lastKnownFileType = sourcecode.swift; path = TableViewCell.swift; sourceTree = "<group>"; };
/* End PBXFileReference section */

/* Begin PBXFrameworksBuildPhase section */
		7FF96FEB2AD478500075500A /* Frameworks */ = {
			isa = PBXFrameworksBuildPhase;
			buildActionMask = 2147483647;
			files = (
				7FF9700A2AD4785D0075500A /* CoreData.framework in Frameworks */,
			);
			runOnlyForDeploymentPostprocessing = 0;
		};
/* End PBXFrameworksBuildPhase section */

/* Begin PBXGroup section */
		7FF96FE52AD478500075500A = {
			isa = PBXGroup;
			children = (
				7FF9700B2AD4789E0075500A /* University+CoreDataClass.swift */,
				7FF9700C2AD4789E0075500A /* University+CoreDataProperties.swift */,
				7FF96FF02AD478500075500A /* PraticeOfCoreData4 */,
				7FF96FEF2AD478500075500A /* Products */,
				7FF970082AD4785D0075500A /* Frameworks */,
			);
			sourceTree = "<group>";
		};
		7FF96FEF2AD478500075500A /* Products */ = {
			isa = PBXGroup;
			children = (
				7FF96FEE2AD478500075500A /* PraticeOfCoreData4.app */,
			);
			name = Products;
			sourceTree = "<group>";
		};
		7FF96FF02AD478500075500A /* PraticeOfCoreData4 */ = {
			isa = PBXGroup;
			children = (
				7FF96FF12AD478500075500A /* AppDelegate.swift */,
				7FF96FF32AD478500075500A /* SceneDelegate.swift */,
				7FF96FF52AD478500075500A /* ViewController.swift */,
				7FF9700F2AD478BA0075500A /* DatabaseManager.swift */,
				7FF96FF72AD478500075500A /* Main.storyboard */,
				7FF970132AD47DCD0075500A /* TableViewCell.swift */,
				7FF970112AD47D910075500A /* ListViewController.swift */,
				7FF96FFD2AD478510075500A /* Assets.xcassets */,
				7FF96FFF2AD478510075500A /* LaunchScreen.storyboard */,
				7FF970022AD478510075500A /* Info.plist */,
				7FF96FFA2AD478500075500A /* PraticeOfCoreData4.xcdatamodeld */,
			);
			path = PraticeOfCoreData4;
			sourceTree = "<group>";
		};
		7FF970082AD4785D0075500A /* Frameworks */ = {
			isa = PBXGroup;
			children = (
				7FF970092AD4785D0075500A /* CoreData.framework */,
			);
			name = Frameworks;
			sourceTree = "<group>";
		};
/* End PBXGroup section */

/* Begin PBXNativeTarget section */
		7FF96FED2AD478500075500A /* PraticeOfCoreData4 */ = {
			isa = PBXNativeTarget;
			buildConfigurationList = 7FF970052AD478510075500A /* Build configuration list for PBXNativeTarget "PraticeOfCoreData4" */;
			buildPhases = (
				7FF96FEA2AD478500075500A /* Sources */,
				7FF96FEB2AD478500075500A /* Frameworks */,
				7FF96FEC2AD478500075500A /* Resources */,
			);
			buildRules = (
			);
			dependencies = (
			);
			name = PraticeOfCoreData4;
			productName = PraticeOfCoreData4;
			productReference = 7FF96FEE2AD478500075500A /* PraticeOfCoreData4.app */;
			productType = "com.apple.product-type.application";
		};
/* End PBXNativeTarget section */

/* Begin PBXProject section */
		7FF96FE62AD478500075500A /* Project object */ = {
			isa = PBXProject;
			attributes = {
				BuildIndependentTargetsInParallel = 1;
				LastSwiftUpdateCheck = 1430;
				LastUpgradeCheck = 1430;
				TargetAttributes = {
					7FF96FED2AD478500075500A = {
						CreatedOnToolsVersion = 14.3.1;
					};
				};
			};
			buildConfigurationList = 7FF96FE92AD478500075500A /* Build configuration list for PBXProject "PraticeOfCoreData4" */;
			compatibilityVersion = "Xcode 14.0";
			developmentRegion = en;
			hasScannedForEncodings = 0;
			knownRegions = (
				en,
				Base,
			);
			mainGroup = 7FF96FE52AD478500075500A;
			productRefGroup = 7FF96FEF2AD478500075500A /* Products */;
			projectDirPath = "";
			projectRoot = "";
			targets = (
				7FF96FED2AD478500075500A /* PraticeOfCoreData4 */,
			);
		};
/* End PBXProject section */

/* Begin PBXResourcesBuildPhase section */
		7FF96FEC2AD478500075500A /* Resources */ = {
			isa = PBXResourcesBuildPhase;
			buildActionMask = 2147483647;
			files = (
				7FF970012AD478510075500A /* LaunchScreen.storyboard in Resources */,
				7FF96FFE2AD478510075500A /* Assets.xcassets in Resources */,
				7FF96FF92AD478500075500A /* Main.storyboard in Resources */,
			);
			runOnlyForDeploymentPostprocessing = 0;
		};
/* End PBXResourcesBuildPhase section */

/* Begin PBXSourcesBuildPhase section */
		7FF96FEA2AD478500075500A /* Sources */ = {
			isa = PBXSourcesBuildPhase;
			buildActionMask = 2147483647;
			files = (
				7FF96FF62AD478500075500A /* ViewController.swift in Sources */,
				7FF96FF22AD478500075500A /* AppDelegate.swift in Sources */,
				7FF96FF42AD478500075500A /* SceneDelegate.swift in Sources */,
				7FF970142AD47DCD0075500A /* TableViewCell.swift in Sources */,
				7FF9700E2AD4789E0075500A /* University+CoreDataProperties.swift in Sources */,
				7FF9700D2AD4789E0075500A /* University+CoreDataClass.swift in Sources */,
				7FF96FFC2AD478500075500A /* PraticeOfCoreData4.xcdatamodeld in Sources */,
				7FF970122AD47D910075500A /* ListViewController.swift in Sources */,
				7FF970102AD478BA0075500A /* DatabaseManager.swift in Sources */,
			);
			runOnlyForDeploymentPostprocessing = 0;
		};
/* End PBXSourcesBuildPhase section */

/* Begin PBXVariantGroup section */
		7FF96FF72AD478500075500A /* Main.storyboard */ = {
			isa = PBXVariantGroup;
			children = (
				7FF96FF82AD478500075500A /* Base */,
			);
			name = Main.storyboard;
			sourceTree = "<group>";
		};
		7FF96FFF2AD478510075500A /* LaunchScreen.storyboard */ = {
			isa = PBXVariantGroup;
			children = (
				7FF970002AD478510075500A /* Base */,
			);
			name = LaunchScreen.storyboard;
			sourceTree = "<group>";
		};
/* End PBXVariantGroup section */

/* Begin XCBuildConfiguration section */
		7FF970032AD478510075500A /* Debug */ = {
			isa = XCBuildConfiguration;
			buildSettings = {
				ALWAYS_SEARCH_USER_PATHS = NO;
				CLANG_ANALYZER_NONNULL = YES;
				CLANG_ANALYZER_NUMBER_OBJECT_CONVERSION = YES_AGGRESSIVE;
				CLANG_CXX_LANGUAGE_STANDARD = "gnu++20";
				CLANG_ENABLE_MODULES = YES;
				CLANG_ENABLE_OBJC_ARC = YES;
				CLANG_ENABLE_OBJC_WEAK = YES;
				CLANG_WARN_BLOCK_CAPTURE_AUTORELEASING = YES;
				CLANG_WARN_BOOL_CONVERSION = YES;
				CLANG_WARN_COMMA = YES;
				CLANG_WARN_CONSTANT_CONVERSION = YES;
				CLANG_WARN_DEPRECATED_OBJC_IMPLEMENTATIONS = YES;
				CLANG_WARN_DIRECT_OBJC_ISA_USAGE = YES_ERROR;
				CLANG_WARN_DOCUMENTATION_COMMENTS = YES;
				CLANG_WARN_EMPTY_BODY = YES;
				CLANG_WARN_ENUM_CONVERSION = YES;
				CLANG_WARN_INFINITE_RECURSION = YES;
				CLANG_WARN_INT_CONVERSION = YES;
				CLANG_WARN_NON_LITERAL_NULL_CONVERSION = YES;
				CLANG_WARN_OBJC_IMPLICIT_RETAIN_SELF = YES;
				CLANG_WARN_OBJC_LITERAL_CONVERSION = YES;
				CLANG_WARN_OBJC_ROOT_CLASS = YES_ERROR;
				CLANG_WARN_QUOTED_INCLUDE_IN_FRAMEWORK_HEADER = YES;
				CLANG_WARN_RANGE_LOOP_ANALYSIS = YES;
				CLANG_WARN_STRICT_PROTOTYPES = YES;
				CLANG_WARN_SUSPICIOUS_MOVE = YES;
				CLANG_WARN_UNGUARDED_AVAILABILITY = YES_AGGRESSIVE;
				CLANG_WARN_UNREACHABLE_CODE = YES;
				CLANG_WARN__DUPLICATE_METHOD_MATCH = YES;
				COPY_PHASE_STRIP = NO;
				DEBUG_INFORMATION_FORMAT = dwarf;
				ENABLE_STRICT_OBJC_MSGSEND = YES;
				ENABLE_TESTABILITY = YES;
				GCC_C_LANGUAGE_STANDARD = gnu11;
				GCC_DYNAMIC_NO_PIC = NO;
				GCC_NO_COMMON_BLOCKS = YES;
				GCC_OPTIMIZATION_LEVEL = 0;
				GCC_PREPROCESSOR_DEFINITIONS = (
					"DEBUG=1",
					"$(inherited)",
				);
				GCC_WARN_64_TO_32_BIT_CONVERSION = YES;
				GCC_WARN_ABOUT_RETURN_TYPE = YES_ERROR;
				GCC_WARN_UNDECLARED_SELECTOR = YES;
				GCC_WARN_UNINITIALIZED_AUTOS = YES_AGGRESSIVE;
				GCC_WARN_UNUSED_FUNCTION = YES;
				GCC_WARN_UNUSED_VARIABLE = YES;
				IPHONEOS_DEPLOYMENT_TARGET = 16.4;
				MTL_ENABLE_DEBUG_INFO = INCLUDE_SOURCE;
				MTL_FAST_MATH = YES;
				ONLY_ACTIVE_ARCH = YES;
				SDKROOT = iphoneos;
				SWIFT_ACTIVE_COMPILATION_CONDITIONS = DEBUG;
				SWIFT_OPTIMIZATION_LEVEL = "-Onone";
			};
			name = Debug;
		};
		7FF970042AD478510075500A /* Release */ = {
			isa = XCBuildConfiguration;
			buildSettings = {
				ALWAYS_SEARCH_USER_PATHS = NO;
				CLANG_ANALYZER_NONNULL = YES;
				CLANG_ANALYZER_NUMBER_OBJECT_CONVERSION = YES_AGGRESSIVE;
				CLANG_CXX_LANGUAGE_STANDARD = "gnu++20";
				CLANG_ENABLE_MODULES = YES;
				CLANG_ENABLE_OBJC_ARC = YES;
				CLANG_ENABLE_OBJC_WEAK = YES;
				CLANG_WARN_BLOCK_CAPTURE_AUTORELEASING = YES;
				CLANG_WARN_BOOL_CONVERSION = YES;
				CLANG_WARN_COMMA = YES;
				CLANG_WARN_CONSTANT_CONVERSION = YES;
				CLANG_WARN_DEPRECATED_OBJC_IMPLEMENTATIONS = YES;
				CLANG_WARN_DIRECT_OBJC_ISA_USAGE = YES_ERROR;
				CLANG_WARN_DOCUMENTATION_COMMENTS = YES;
				CLANG_WARN_EMPTY_BODY = YES;
				CLANG_WARN_ENUM_CONVERSION = YES;
				CLANG_WARN_INFINITE_RECURSION = YES;
				CLANG_WARN_INT_CONVERSION = YES;
				CLANG_WARN_NON_LITERAL_NULL_CONVERSION = YES;
				CLANG_WARN_OBJC_IMPLICIT_RETAIN_SELF = YES;
				CLANG_WARN_OBJC_LITERAL_CONVERSION = YES;
				CLANG_WARN_OBJC_ROOT_CLASS = YES_ERROR;
				CLANG_WARN_QUOTED_INCLUDE_IN_FRAMEWORK_HEADER = YES;
				CLANG_WARN_RANGE_LOOP_ANALYSIS = YES;
				CLANG_WARN_STRICT_PROTOTYPES = YES;
				CLANG_WARN_SUSPICIOUS_MOVE = YES;
				CLANG_WARN_UNGUARDED_AVAILABILITY = YES_AGGRESSIVE;
				CLANG_WARN_UNREACHABLE_CODE = YES;
				CLANG_WARN__DUPLICATE_METHOD_MATCH = YES;
				COPY_PHASE_STRIP = NO;
				DEBUG_INFORMATION_FORMAT = "dwarf-with-dsym";
				ENABLE_NS_ASSERTIONS = NO;
				ENABLE_STRICT_OBJC_MSGSEND = YES;
				GCC_C_LANGUAGE_STANDARD = gnu11;
				GCC_NO_COMMON_BLOCKS = YES;
				GCC_WARN_64_TO_32_BIT_CONVERSION = YES;
				GCC_WARN_ABOUT_RETURN_TYPE = YES_ERROR;
				GCC_WARN_UNDECLARED_SELECTOR = YES;
				GCC_WARN_UNINITIALIZED_AUTOS = YES_AGGRESSIVE;
				GCC_WARN_UNUSED_FUNCTION = YES;
				GCC_WARN_UNUSED_VARIABLE = YES;
				IPHONEOS_DEPLOYMENT_TARGET = 16.4;
				MTL_ENABLE_DEBUG_INFO = NO;
				MTL_FAST_MATH = YES;
				SDKROOT = iphoneos;
				SWIFT_COMPILATION_MODE = wholemodule;
				SWIFT_OPTIMIZATION_LEVEL = "-O";
				VALIDATE_PRODUCT = YES;
			};
			name = Release;
		};
		7FF970062AD478510075500A /* Debug */ = {
			isa = XCBuildConfiguration;
			buildSettings = {
				ASSETCATALOG_COMPILER_APPICON_NAME = AppIcon;
				ASSETCATALOG_COMPILER_GLOBAL_ACCENT_COLOR_NAME = AccentColor;
				CODE_SIGN_STYLE = Automatic;
				CURRENT_PROJECT_VERSION = 1;
				GENERATE_INFOPLIST_FILE = YES;
				INFOPLIST_FILE = PraticeOfCoreData4/Info.plist;
				INFOPLIST_KEY_UIApplicationSupportsIndirectInputEvents = YES;
				INFOPLIST_KEY_UILaunchStoryboardName = LaunchScreen;
				INFOPLIST_KEY_UIMainStoryboardFile = Main;
				INFOPLIST_KEY_UISupportedInterfaceOrientations_iPad = "UIInterfaceOrientationPortrait UIInterfaceOrientationPortraitUpsideDown UIInterfaceOrientationLandscapeLeft UIInterfaceOrientationLandscapeRight";
				INFOPLIST_KEY_UISupportedInterfaceOrientations_iPhone = "UIInterfaceOrientationPortrait UIInterfaceOrientationLandscapeLeft UIInterfaceOrientationLandscapeRight";
				LD_RUNPATH_SEARCH_PATHS = (
					"$(inherited)",
					"@executable_path/Frameworks",
				);
				MARKETING_VERSION = 1.0;
				PRODUCT_BUNDLE_IDENTIFIER = ww.PraticeOfCoreData4;
				PRODUCT_NAME = "$(TARGET_NAME)";
				SWIFT_EMIT_LOC_STRINGS = YES;
				SWIFT_VERSION = 5.0;
				TARGETED_DEVICE_FAMILY = "1,2";
			};
			name = Debug;
		};
		7FF970072AD478510075500A /* Release */ = {
			isa = XCBuildConfiguration;
			buildSettings = {
				ASSETCATALOG_COMPILER_APPICON_NAME = AppIcon;
				ASSETCATALOG_COMPILER_GLOBAL_ACCENT_COLOR_NAME = AccentColor;
				CODE_SIGN_STYLE = Automatic;
				CURRENT_PROJECT_VERSION = 1;
				GENERATE_INFOPLIST_FILE = YES;
				INFOPLIST_FILE = PraticeOfCoreData4/Info.plist;
				INFOPLIST_KEY_UIApplicationSupportsIndirectInputEvents = YES;
				INFOPLIST_KEY_UILaunchStoryboardName = LaunchScreen;
				INFOPLIST_KEY_UIMainStoryboardFile = Main;
				INFOPLIST_KEY_UISupportedInterfaceOrientations_iPad = "UIInterfaceOrientationPortrait UIInterfaceOrientationPortraitUpsideDown UIInterfaceOrientationLandscapeLeft UIInterfaceOrientationLandscapeRight";
				INFOPLIST_KEY_UISupportedInterfaceOrientations_iPhone = "UIInterfaceOrientationPortrait UIInterfaceOrientationLandscapeLeft UIInterfaceOrientationLandscapeRight";
				LD_RUNPATH_SEARCH_PATHS = (
					"$(inherited)",
					"@executable_path/Frameworks",
				);
				MARKETING_VERSION = 1.0;
				PRODUCT_BUNDLE_IDENTIFIER = ww.PraticeOfCoreData4;
				PRODUCT_NAME = "$(TARGET_NAME)";
				SWIFT_EMIT_LOC_STRINGS = YES;
				SWIFT_VERSION = 5.0;
				TARGETED_DEVICE_FAMILY = "1,2";
			};
			name = Release;
		};
/* End XCBuildConfiguration section */

/* Begin XCConfigurationList section */
		7FF96FE92AD478500075500A /* Build configuration list for PBXProject "PraticeOfCoreData4" */ = {
			isa = XCConfigurationList;
			buildConfigurations = (
				7FF970032AD478510075500A /* Debug */,
				7FF970042AD478510075500A /* Release */,
			);
			defaultConfigurationIsVisible = 0;
			defaultConfigurationName = Release;
		};
		7FF970052AD478510075500A /* Build configuration list for PBXNativeTarget "PraticeOfCoreData4" */ = {
			isa = XCConfigurationList;
			buildConfigurations = (
				7FF970062AD478510075500A /* Debug */,
				7FF970072AD478510075500A /* Release */,
			);
			defaultConfigurationIsVisible = 0;
			defaultConfigurationName = Release;
		};
/* End XCConfigurationList section */

/* Begin XCVersionGroup section */
		7FF96FFA2AD478500075500A /* PraticeOfCoreData4.xcdatamodeld */ = {
			isa = XCVersionGroup;
			children = (
				7FF96FFB2AD478500075500A /* PraticeOfCoreData4.xcdatamodel */,
			);
			currentVersion = 7FF96FFB2AD478500075500A /* PraticeOfCoreData4.xcdatamodel */;
			path = PraticeOfCoreData4.xcdatamodeld;
			sourceTree = "<group>";
			versionGroupType = wrapper.xcdatamodel;
		};
/* End XCVersionGroup section */
	};
	rootObject = 7FF96FE62AD478500075500A /* Project object */;
}
